
Microsoft Visual Studio Solution File, Format Version 12.00
# Visual Studio Version 16
VisualStudioVersion = 16.0.31313.79
MinimumVisualStudioVersion = 10.0.40219.1
Project("{FAE04EC0-301F-11D3-BF4B-00C04F79EFBC}") = "CSharp2SQLLib", "CSharp2SQLLib\CSharp2SQLLib.csproj", "{5DD6C2BD-737E-4B6E-B8DB-9BA4ED463314}"
EndProject
Project("{FAE04EC0-301F-11D3-BF4B-00C04F79EFBC}") = "CSharp2SQL", "CSharp2SQL\CSharp2SQL.csproj", "{105D1B65-04F2-4E32-8B39-94F6FCFCB933}"
EndProject
Global
	GlobalSection(SolutionConfigurationPlatforms) = preSolution
		Debug|Any CPU = Debug|Any CPU
		Release|Any CPU = Release|Any CPU
	EndGlobalSection
	GlobalSection(ProjectConfigurationPlatforms) = postSolution
		{5DD6C2BD-737E-4B6E-B8DB-9BA4ED463314}.Debug|Any CPU.ActiveCfg = Debug|Any CPU
		{5DD6C2BD-737E-4B6E-B8DB-9BA4ED463314}.Debug|Any CPU.Build.0 = Debug|Any CPU
		{5DD6C2BD-737E-4B6E-B8DB-9BA4ED463314}.Release|Any CPU.ActiveCfg = Release|Any CPU
		{5DD6C2BD-737E-4B6E-B8DB-9BA4ED463314}.Release|Any CPU.Build.0 = Release|Any CPU
		{105D1B65-04F2-4E32-8B39-94F6FCFCB933}.Debug|Any CPU.ActiveCfg = Debug|Any CPU
		{105D1B65-04F2-4E32-8B39-94F6FCFCB933}.Debug|Any CPU.Build.0 = Debug|Any CPU
		{105D1B65-04F2-4E32-8B39-94F6FCFCB933}.Release|Any CPU.ActiveCfg = Release|Any CPU
		{105D1B65-04F2-4E32-8B39-94F6FCFCB933}.Release|Any CPU.Build.0 = Release|Any CPU
	EndGlobalSection
	GlobalSection(SolutionProperties) = preSolution
		HideSolutionNode = FALSE
	EndGlobalSection
	GlobalSection(ExtensibilityGlobals) = postSolution
		SolutionGuid = {585B9FC5-B852-47B2-8516-3DA0A5B155EC}
	EndGlobalSection
EndGlobal
